
Microsoft Visual Studio Solution File, Format Version 12.00
Project("{FAE04EC0-301F-11D3-BF4B-00C04F79EFBC}") = "Day1", "Day1\Day1.csproj", "{5AA4BA1F-AC51-499E-A9ED-04CD121EA29C}"
EndProject
Project("{FAE04EC0-301F-11D3-BF4B-00C04F79EFBC}") = "Day2", "Day2\Day2.csproj", "{366AB0FB-9096-4629-9798-172ACD16FDAA}"
EndProject
Project("{FAE04EC0-301F-11D3-BF4B-00C04F79EFBC}") = "Day3", "Day3\Day3.csproj", "{86DB1E30-BD3F-4501-B808-907D531EA9BE}"
EndProject
Project("{FAE04EC0-301F-11D3-BF4B-00C04F79EFBC}") = "Day4", "Day4\Day4.csproj", "{52D97620-163D-43A3-A327-37B2A30CAE75}"
EndProject
Project("{FAE04EC0-301F-11D3-BF4B-00C04F79EFBC}") = "Day5", "Day5\Day5.csproj", "{82D079FF-330B-495C-9A39-5DE4EC15C33B}"
EndProject
Project("{FAE04EC0-301F-11D3-BF4B-00C04F79EFBC}") = "Day6", "Day6\Day6.csproj", "{BFB78105-81D1-4972-8885-B92A5D3E4CBB}"
EndProject
Project("{FAE04EC0-301F-11D3-BF4B-00C04F79EFBC}") = "Day7", "Day7\Day7.csproj", "{5ADBAA6E-F7EC-4ABB-9220-A8D82E1A7D61}"
EndProject
Project("{FAE04EC0-301F-11D3-BF4B-00C04F79EFBC}") = "Day8", "Day8\Day8.csproj", "{72354323-0F30-47D1-8DD2-CA2DAEF1FC6E}"
EndProject
Project("{FAE04EC0-301F-11D3-BF4B-00C04F79EFBC}") = "Day9", "Day9\Day9.csproj", "{29BBB448-827C-4AC5-B3A2-052420D061DF}"
EndProject
Global
	GlobalSection(SolutionConfigurationPlatforms) = preSolution
		Debug|Any CPU = Debug|Any CPU
		Release|Any CPU = Release|Any CPU
	EndGlobalSection
	GlobalSection(ProjectConfigurationPlatforms) = postSolution
		{5AA4BA1F-AC51-499E-A9ED-04CD121EA29C}.Debug|Any CPU.ActiveCfg = Debug|Any CPU
		{5AA4BA1F-AC51-499E-A9ED-04CD121EA29C}.Debug|Any CPU.Build.0 = Debug|Any CPU
		{5AA4BA1F-AC51-499E-A9ED-04CD121EA29C}.Release|Any CPU.ActiveCfg = Release|Any CPU
		{5AA4BA1F-AC51-499E-A9ED-04CD121EA29C}.Release|Any CPU.Build.0 = Release|Any CPU
		{366AB0FB-9096-4629-9798-172ACD16FDAA}.Debug|Any CPU.ActiveCfg = Debug|Any CPU
		{366AB0FB-9096-4629-9798-172ACD16FDAA}.Debug|Any CPU.Build.0 = Debug|Any CPU
		{366AB0FB-9096-4629-9798-172ACD16FDAA}.Release|Any CPU.ActiveCfg = Release|Any CPU
		{366AB0FB-9096-4629-9798-172ACD16FDAA}.Release|Any CPU.Build.0 = Release|Any CPU
		{86DB1E30-BD3F-4501-B808-907D531EA9BE}.Debug|Any CPU.ActiveCfg = Debug|Any CPU
		{86DB1E30-BD3F-4501-B808-907D531EA9BE}.Debug|Any CPU.Build.0 = Debug|Any CPU
		{86DB1E30-BD3F-4501-B808-907D531EA9BE}.Release|Any CPU.ActiveCfg = Release|Any CPU
		{86DB1E30-BD3F-4501-B808-907D531EA9BE}.Release|Any CPU.Build.0 = Release|Any CPU
		{52D97620-163D-43A3-A327-37B2A30CAE75}.Debug|Any CPU.ActiveCfg = Debug|Any CPU
		{52D97620-163D-43A3-A327-37B2A30CAE75}.Debug|Any CPU.Build.0 = Debug|Any CPU
		{52D97620-163D-43A3-A327-37B2A30CAE75}.Release|Any CPU.ActiveCfg = Release|Any CPU
		{52D97620-163D-43A3-A327-37B2A30CAE75}.Release|Any CPU.Build.0 = Release|Any CPU
		{82D079FF-330B-495C-9A39-5DE4EC15C33B}.Debug|Any CPU.ActiveCfg = Debug|Any CPU
		{82D079FF-330B-495C-9A39-5DE4EC15C33B}.Debug|Any CPU.Build.0 = Debug|Any CPU
		{82D079FF-330B-495C-9A39-5DE4EC15C33B}.Release|Any CPU.ActiveCfg = Release|Any CPU
		{82D079FF-330B-495C-9A39-5DE4EC15C33B}.Release|Any CPU.Build.0 = Release|Any CPU
		{BFB78105-81D1-4972-8885-B92A5D3E4CBB}.Debug|Any CPU.ActiveCfg = Debug|Any CPU
		{BFB78105-81D1-4972-8885-B92A5D3E4CBB}.Debug|Any CPU.Build.0 = Debug|Any CPU
		{BFB78105-81D1-4972-8885-B92A5D3E4CBB}.Release|Any CPU.ActiveCfg = Release|Any CPU
		{BFB78105-81D1-4972-8885-B92A5D3E4CBB}.Release|Any CPU.Build.0 = Release|Any CPU
		{5ADBAA6E-F7EC-4ABB-9220-A8D82E1A7D61}.Debug|Any CPU.ActiveCfg = Debug|Any CPU
		{5ADBAA6E-F7EC-4ABB-9220-A8D82E1A7D61}.Debug|Any CPU.Build.0 = Debug|Any CPU
		{5ADBAA6E-F7EC-4ABB-9220-A8D82E1A7D61}.Release|Any CPU.ActiveCfg = Release|Any CPU
		{5ADBAA6E-F7EC-4ABB-9220-A8D82E1A7D61}.Release|Any CPU.Build.0 = Release|Any CPU
		{72354323-0F30-47D1-8DD2-CA2DAEF1FC6E}.Debug|Any CPU.ActiveCfg = Debug|Any CPU
		{72354323-0F30-47D1-8DD2-CA2DAEF1FC6E}.Debug|Any CPU.Build.0 = Debug|Any CPU
		{72354323-0F30-47D1-8DD2-CA2DAEF1FC6E}.Release|Any CPU.ActiveCfg = Release|Any CPU
		{72354323-0F30-47D1-8DD2-CA2DAEF1FC6E}.Release|Any CPU.Build.0 = Release|Any CPU
		{29BBB448-827C-4AC5-B3A2-052420D061DF}.Debug|Any CPU.ActiveCfg = Debug|Any CPU
		{29BBB448-827C-4AC5-B3A2-052420D061DF}.Debug|Any CPU.Build.0 = Debug|Any CPU
		{29BBB448-827C-4AC5-B3A2-052420D061DF}.Release|Any CPU.ActiveCfg = Release|Any CPU
		{29BBB448-827C-4AC5-B3A2-052420D061DF}.Release|Any CPU.Build.0 = Release|Any CPU
	EndGlobalSection
EndGlobal
